
Microsoft Visual Studio Solution File, Format Version 12.00
# Visual Studio Version 16
VisualStudioVersion = 16.0.32228.343
MinimumVisualStudioVersion = 10.0.40219.1
Project("{FAE04EC0-301F-11D3-BF4B-00C04F79EFBC}") = "perwork-codechallnge", "perwork-codechallnge\perwork-codechallnge.csproj", "{04CC2E9F-01CA-4A01-8DEC-B3497626943B}"
EndProject
Global
	GlobalSection(SolutionConfigurationPlatforms) = preSolution
		Debug|Any CPU = Debug|Any CPU
		Release|Any CPU = Release|Any CPU
	EndGlobalSection
	GlobalSection(ProjectConfigurationPlatforms) = postSolution
		{04CC2E9F-01CA-4A01-8DEC-B3497626943B}.Debug|Any CPU.ActiveCfg = Debug|Any CPU
		{04CC2E9F-01CA-4A01-8DEC-B3497626943B}.Debug|Any CPU.Build.0 = Debug|Any CPU
		{04CC2E9F-01CA-4A01-8DEC-B3497626943B}.Release|Any CPU.ActiveCfg = Release|Any CPU
		{04CC2E9F-01CA-4A01-8DEC-B3497626943B}.Release|Any CPU.Build.0 = Release|Any CPU
	EndGlobalSection
	GlobalSection(SolutionProperties) = preSolution
		HideSolutionNode = FALSE
	EndGlobalSection
	GlobalSection(ExtensibilityGlobals) = postSolution
		SolutionGuid = {D89E0B03-2700-4A05-83D6-9C9D8C456C66}
	EndGlobalSection
EndGlobal
